
Microsoft Visual Studio Solution File, Format Version 12.00
# Visual Studio Version 16
VisualStudioVersion = 16.0.29509.3
MinimumVisualStudioVersion = 10.0.40219.1
Project("{2150E333-8FDC-42A3-9474-1A3956D46DE8}") = "01 - Isban.MapsMB.Host", "01 - Isban.MapsMB.Host", "{ECD3B30B-D45F-49AE-8768-1A8B8418738B}"
EndProject
Project("{2150E333-8FDC-42A3-9474-1A3956D46DE8}") = "02 - Isban.MapsMB.Bussiness", "02 - Isban.MapsMB.Bussiness", "{E9FD1429-A1EB-42AD-BF1F-048EE2AEF3C9}"
EndProject
Project("{FAE04EC0-301F-11D3-BF4B-00C04F79EFBC}") = "Isban.MapsMB.Bussiness", "Isban.Maps.Bussiness\Isban.MapsMB.Bussiness.csproj", "{EC7D2372-55F9-410F-8CA9-12FD3FADD3C4}"
EndProject
Project("{FAE04EC0-301F-11D3-BF4B-00C04F79EFBC}") = "Isban.MapsMB.IBussiness", "Isban.Maps.IBussiness\Isban.MapsMB.IBussiness.csproj", "{2724DEE3-FD59-4F4A-A50B-FD0EAE124DD1}"
EndProject
Project("{2150E333-8FDC-42A3-9474-1A3956D46DE8}") = "05 - Isban.MapsMB.Configuration.Backend", "05 - Isban.MapsMB.Configuration.Backend", "{7407420E-5F5D-4C15-A7BB-A67CF6923DC4}"
EndProject
Project("{FAE04EC0-301F-11D3-BF4B-00C04F79EFBC}") = "Isban.MapsMB.Configuration.Backend", "Isban.Maps.Configuration.Backend\Isban.MapsMB.Configuration.Backend.csproj", "{D369FFC8-ED07-47E7-9E7F-E570B5A45852}"
EndProject
Project("{2150E333-8FDC-42A3-9474-1A3956D46DE8}") = "03 - Isban.MapsMB.DataAccess", "03 - Isban.MapsMB.DataAccess", "{99691C5B-2E1D-4B95-8AD3-12EACC54E421}"
EndProject
Project("{FAE04EC0-301F-11D3-BF4B-00C04F79EFBC}") = "Isban.MapsMB.DataAccess", "Isban.Maps.DataAccess\Isban.MapsMB.DataAccess.csproj", "{C59CCA9D-A59C-4FBF-B2AF-90E252D1D770}"
EndProject
Project("{FAE04EC0-301F-11D3-BF4B-00C04F79EFBC}") = "Isban.MapsMB.IDataAccess", "Isban.Maps.IDataAccess\Isban.MapsMB.IDataAccess.csproj", "{A5A6238B-E82E-47E6-B601-0C28B1B5AD15}"
EndProject
Project("{2150E333-8FDC-42A3-9474-1A3956D46DE8}") = "04 - Isban.MapsMB.Common", "04 - Isban.MapsMB.Common", "{B62DA3D9-6D70-4EC7-9589-1F3643B2E256}"
EndProject
Project("{FAE04EC0-301F-11D3-BF4B-00C04F79EFBC}") = "Isban.MapsMB.Host.Controller", "Isban.Maps.Host.Controller\Isban.MapsMB.Host.Controller.csproj", "{B5A1DB2A-EEB2-4E22-97A3-4E8524FA1A3C}"
EndProject
Project("{FAE04EC0-301F-11D3-BF4B-00C04F79EFBC}") = "Isban.MapsMB.Host.Webapi", "Isban.Maps.Host.Webapi\Isban.MapsMB.Host.Webapi.csproj", "{2817EE4F-4D5A-4A72-98A5-D2FF3ED06DF5}"
EndProject
Project("{FAE04EC0-301F-11D3-BF4B-00C04F79EFBC}") = "Isban.MapsMB.Common.Entity", "Isban.Maps.Bussiness.Entity\Isban.MapsMB.Common.Entity.csproj", "{7EE651D6-1039-4C07-A8D5-5E4715885B54}"
EndProject
Project("{2150E333-8FDC-42A3-9474-1A3956D46DE8}") = "WinService", "WinService", "{6ACA2700-C365-4DF5-BE81-5B7F76DA4292}"
EndProject
Project("{FAE04EC0-301F-11D3-BF4B-00C04F79EFBC}") = "MMAPSSAF", "MAPSMBConsole\MMAPSSAF.csproj", "{78AA5CCC-A601-4124-8E16-E7BAF0874CE0}"
EndProject
Project("{FAE04EC0-301F-11D3-BF4B-00C04F79EFBC}") = "Isban.MapsMB.ColaMq", "Isban.MapsMB.ColaMq\Isban.MapsMB.ColaMq.csproj", "{EF6246D2-F1A6-48A4-ACE8-93AE8CEEE682}"
EndProject
Project("{2150E333-8FDC-42A3-9474-1A3956D46DE8}") = "06 - ColaMQ", "06 - ColaMQ", "{DBE8D5F1-8425-4C95-8064-57F86FDA2C95}"
EndProject
Project("{2150E333-8FDC-42A3-9474-1A3956D46DE8}") = "FaxMailRTF", "FaxMailRTF", "{4A9B9D55-5B1D-49B2-AA00-AEB6789E93EA}"
EndProject
Project("{FAE04EC0-301F-11D3-BF4B-00C04F79EFBC}") = "Isban.MapsMB.FaxMailRTF", "Isban.MapsMB.FaxMailRTF\Isban.MapsMB.FaxMailRTF.csproj", "{032D7C46-2795-487C-87C4-0D675E89BD9A}"
EndProject
Global
	GlobalSection(SolutionConfigurationPlatforms) = preSolution
		Debug|Any CPU = Debug|Any CPU
		DESA|Any CPU = DESA|Any CPU
		HOMO|Any CPU = HOMO|Any CPU
		PROD|Any CPU = PROD|Any CPU
		Release|Any CPU = Release|Any CPU
		TEST|Any CPU = TEST|Any CPU
	EndGlobalSection
	GlobalSection(ProjectConfigurationPlatforms) = postSolution
		{EC7D2372-55F9-410F-8CA9-12FD3FADD3C4}.Debug|Any CPU.ActiveCfg = Debug|Any CPU
		{EC7D2372-55F9-410F-8CA9-12FD3FADD3C4}.Debug|Any CPU.Build.0 = Debug|Any CPU
		{EC7D2372-55F9-410F-8CA9-12FD3FADD3C4}.DESA|Any CPU.ActiveCfg = DESA|Any CPU
		{EC7D2372-55F9-410F-8CA9-12FD3FADD3C4}.DESA|Any CPU.Build.0 = DESA|Any CPU
		{EC7D2372-55F9-410F-8CA9-12FD3FADD3C4}.HOMO|Any CPU.ActiveCfg = HOMO|Any CPU
		{EC7D2372-55F9-410F-8CA9-12FD3FADD3C4}.HOMO|Any CPU.Build.0 = HOMO|Any CPU
		{EC7D2372-55F9-410F-8CA9-12FD3FADD3C4}.PROD|Any CPU.ActiveCfg = PROD|Any CPU
		{EC7D2372-55F9-410F-8CA9-12FD3FADD3C4}.PROD|Any CPU.Build.0 = PROD|Any CPU
		{EC7D2372-55F9-410F-8CA9-12FD3FADD3C4}.Release|Any CPU.ActiveCfg = Release|Any CPU
		{EC7D2372-55F9-410F-8CA9-12FD3FADD3C4}.Release|Any CPU.Build.0 = Release|Any CPU
		{EC7D2372-55F9-410F-8CA9-12FD3FADD3C4}.TEST|Any CPU.ActiveCfg = TEST|Any CPU
		{EC7D2372-55F9-410F-8CA9-12FD3FADD3C4}.TEST|Any CPU.Build.0 = TEST|Any CPU
		{2724DEE3-FD59-4F4A-A50B-FD0EAE124DD1}.Debug|Any CPU.ActiveCfg = Debug|Any CPU
		{2724DEE3-FD59-4F4A-A50B-FD0EAE124DD1}.Debug|Any CPU.Build.0 = Debug|Any CPU
		{2724DEE3-FD59-4F4A-A50B-FD0EAE124DD1}.DESA|Any CPU.ActiveCfg = DESA|Any CPU
		{2724DEE3-FD59-4F4A-A50B-FD0EAE124DD1}.DESA|Any CPU.Build.0 = DESA|Any CPU
		{2724DEE3-FD59-4F4A-A50B-FD0EAE124DD1}.HOMO|Any CPU.ActiveCfg = HOMO|Any CPU
		{2724DEE3-FD59-4F4A-A50B-FD0EAE124DD1}.HOMO|Any CPU.Build.0 = HOMO|Any CPU
		{2724DEE3-FD59-4F4A-A50B-FD0EAE124DD1}.PROD|Any CPU.ActiveCfg = PROD|Any CPU
		{2724DEE3-FD59-4F4A-A50B-FD0EAE124DD1}.PROD|Any CPU.Build.0 = PROD|Any CPU
		{2724DEE3-FD59-4F4A-A50B-FD0EAE124DD1}.Release|Any CPU.ActiveCfg = Release|Any CPU
		{2724DEE3-FD59-4F4A-A50B-FD0EAE124DD1}.Release|Any CPU.Build.0 = Release|Any CPU
		{2724DEE3-FD59-4F4A-A50B-FD0EAE124DD1}.TEST|Any CPU.ActiveCfg = TEST|Any CPU
		{2724DEE3-FD59-4F4A-A50B-FD0EAE124DD1}.TEST|Any CPU.Build.0 = TEST|Any CPU
		{D369FFC8-ED07-47E7-9E7F-E570B5A45852}.Debug|Any CPU.ActiveCfg = Debug|Any CPU
		{D369FFC8-ED07-47E7-9E7F-E570B5A45852}.Debug|Any CPU.Build.0 = Debug|Any CPU
		{D369FFC8-ED07-47E7-9E7F-E570B5A45852}.DESA|Any CPU.ActiveCfg = DESA|Any CPU
		{D369FFC8-ED07-47E7-9E7F-E570B5A45852}.DESA|Any CPU.Build.0 = DESA|Any CPU
		{D369FFC8-ED07-47E7-9E7F-E570B5A45852}.HOMO|Any CPU.ActiveCfg = HOMO|Any CPU
		{D369FFC8-ED07-47E7-9E7F-E570B5A45852}.HOMO|Any CPU.Build.0 = HOMO|Any CPU
		{D369FFC8-ED07-47E7-9E7F-E570B5A45852}.PROD|Any CPU.ActiveCfg = PROD|Any CPU
		{D369FFC8-ED07-47E7-9E7F-E570B5A45852}.PROD|Any CPU.Build.0 = PROD|Any CPU
		{D369FFC8-ED07-47E7-9E7F-E570B5A45852}.Release|Any CPU.ActiveCfg = Release|Any CPU
		{D369FFC8-ED07-47E7-9E7F-E570B5A45852}.Release|Any CPU.Build.0 = Release|Any CPU
		{D369FFC8-ED07-47E7-9E7F-E570B5A45852}.TEST|Any CPU.ActiveCfg = TEST|Any CPU
		{D369FFC8-ED07-47E7-9E7F-E570B5A45852}.TEST|Any CPU.Build.0 = TEST|Any CPU
		{C59CCA9D-A59C-4FBF-B2AF-90E252D1D770}.Debug|Any CPU.ActiveCfg = Debug|Any CPU
		{C59CCA9D-A59C-4FBF-B2AF-90E252D1D770}.Debug|Any CPU.Build.0 = Debug|Any CPU
		{C59CCA9D-A59C-4FBF-B2AF-90E252D1D770}.DESA|Any CPU.ActiveCfg = DESA|Any CPU
		{C59CCA9D-A59C-4FBF-B2AF-90E252D1D770}.DESA|Any CPU.Build.0 = DESA|Any CPU
		{C59CCA9D-A59C-4FBF-B2AF-90E252D1D770}.HOMO|Any CPU.ActiveCfg = HOMO|Any CPU
		{C59CCA9D-A59C-4FBF-B2AF-90E252D1D770}.HOMO|Any CPU.Build.0 = HOMO|Any CPU
		{C59CCA9D-A59C-4FBF-B2AF-90E252D1D770}.PROD|Any CPU.ActiveCfg = PROD|Any CPU
		{C59CCA9D-A59C-4FBF-B2AF-90E252D1D770}.PROD|Any CPU.Build.0 = PROD|Any CPU
		{C59CCA9D-A59C-4FBF-B2AF-90E252D1D770}.Release|Any CPU.ActiveCfg = Release|Any CPU
		{C59CCA9D-A59C-4FBF-B2AF-90E252D1D770}.Release|Any CPU.Build.0 = Release|Any CPU
		{C59CCA9D-A59C-4FBF-B2AF-90E252D1D770}.TEST|Any CPU.ActiveCfg = TEST|Any CPU
		{C59CCA9D-A59C-4FBF-B2AF-90E252D1D770}.TEST|Any CPU.Build.0 = TEST|Any CPU
		{A5A6238B-E82E-47E6-B601-0C28B1B5AD15}.Debug|Any CPU.ActiveCfg = Debug|Any CPU
		{A5A6238B-E82E-47E6-B601-0C28B1B5AD15}.Debug|Any CPU.Build.0 = Debug|Any CPU
		{A5A6238B-E82E-47E6-B601-0C28B1B5AD15}.DESA|Any CPU.ActiveCfg = DESA|Any CPU
		{A5A6238B-E82E-47E6-B601-0C28B1B5AD15}.DESA|Any CPU.Build.0 = DESA|Any CPU
		{A5A6238B-E82E-47E6-B601-0C28B1B5AD15}.HOMO|Any CPU.ActiveCfg = HOMO|Any CPU
		{A5A6238B-E82E-47E6-B601-0C28B1B5AD15}.HOMO|Any CPU.Build.0 = HOMO|Any CPU
		{A5A6238B-E82E-47E6-B601-0C28B1B5AD15}.PROD|Any CPU.ActiveCfg = PROD|Any CPU
		{A5A6238B-E82E-47E6-B601-0C28B1B5AD15}.PROD|Any CPU.Build.0 = PROD|Any CPU
		{A5A6238B-E82E-47E6-B601-0C28B1B5AD15}.Release|Any CPU.ActiveCfg = Release|Any CPU
		{A5A6238B-E82E-47E6-B601-0C28B1B5AD15}.Release|Any CPU.Build.0 = Release|Any CPU
		{A5A6238B-E82E-47E6-B601-0C28B1B5AD15}.TEST|Any CPU.ActiveCfg = TEST|Any CPU
		{A5A6238B-E82E-47E6-B601-0C28B1B5AD15}.TEST|Any CPU.Build.0 = TEST|Any CPU
		{B5A1DB2A-EEB2-4E22-97A3-4E8524FA1A3C}.Debug|Any CPU.ActiveCfg = Debug|Any CPU
		{B5A1DB2A-EEB2-4E22-97A3-4E8524FA1A3C}.Debug|Any CPU.Build.0 = Debug|Any CPU
		{B5A1DB2A-EEB2-4E22-97A3-4E8524FA1A3C}.DESA|Any CPU.ActiveCfg = DESA|Any CPU
		{B5A1DB2A-EEB2-4E22-97A3-4E8524FA1A3C}.DESA|Any CPU.Build.0 = DESA|Any CPU
		{B5A1DB2A-EEB2-4E22-97A3-4E8524FA1A3C}.HOMO|Any CPU.ActiveCfg = HOMO|Any CPU
		{B5A1DB2A-EEB2-4E22-97A3-4E8524FA1A3C}.HOMO|Any CPU.Build.0 = HOMO|Any CPU
		{B5A1DB2A-EEB2-4E22-97A3-4E8524FA1A3C}.PROD|Any CPU.ActiveCfg = PROD|Any CPU
		{B5A1DB2A-EEB2-4E22-97A3-4E8524FA1A3C}.PROD|Any CPU.Build.0 = PROD|Any CPU
		{B5A1DB2A-EEB2-4E22-97A3-4E8524FA1A3C}.Release|Any CPU.ActiveCfg = Release|Any CPU
		{B5A1DB2A-EEB2-4E22-97A3-4E8524FA1A3C}.Release|Any CPU.Build.0 = Release|Any CPU
		{B5A1DB2A-EEB2-4E22-97A3-4E8524FA1A3C}.TEST|Any CPU.ActiveCfg = TEST|Any CPU
		{B5A1DB2A-EEB2-4E22-97A3-4E8524FA1A3C}.TEST|Any CPU.Build.0 = TEST|Any CPU
		{2817EE4F-4D5A-4A72-98A5-D2FF3ED06DF5}.Debug|Any CPU.ActiveCfg = Debug|Any CPU
		{2817EE4F-4D5A-4A72-98A5-D2FF3ED06DF5}.Debug|Any CPU.Build.0 = Debug|Any CPU
		{2817EE4F-4D5A-4A72-98A5-D2FF3ED06DF5}.DESA|Any CPU.ActiveCfg = DESA|Any CPU
		{2817EE4F-4D5A-4A72-98A5-D2FF3ED06DF5}.DESA|Any CPU.Build.0 = DESA|Any CPU
		{2817EE4F-4D5A-4A72-98A5-D2FF3ED06DF5}.HOMO|Any CPU.ActiveCfg = HOMO|Any CPU
		{2817EE4F-4D5A-4A72-98A5-D2FF3ED06DF5}.HOMO|Any CPU.Build.0 = HOMO|Any CPU
		{2817EE4F-4D5A-4A72-98A5-D2FF3ED06DF5}.PROD|Any CPU.ActiveCfg = PROD|Any CPU
		{2817EE4F-4D5A-4A72-98A5-D2FF3ED06DF5}.PROD|Any CPU.Build.0 = PROD|Any CPU
		{2817EE4F-4D5A-4A72-98A5-D2FF3ED06DF5}.Release|Any CPU.ActiveCfg = Release|Any CPU
		{2817EE4F-4D5A-4A72-98A5-D2FF3ED06DF5}.Release|Any CPU.Build.0 = Release|Any CPU
		{2817EE4F-4D5A-4A72-98A5-D2FF3ED06DF5}.TEST|Any CPU.ActiveCfg = TEST|Any CPU
		{2817EE4F-4D5A-4A72-98A5-D2FF3ED06DF5}.TEST|Any CPU.Build.0 = TEST|Any CPU
		{7EE651D6-1039-4C07-A8D5-5E4715885B54}.Debug|Any CPU.ActiveCfg = Debug|Any CPU
		{7EE651D6-1039-4C07-A8D5-5E4715885B54}.Debug|Any CPU.Build.0 = Debug|Any CPU
		{7EE651D6-1039-4C07-A8D5-5E4715885B54}.DESA|Any CPU.ActiveCfg = DESA|Any CPU
		{7EE651D6-1039-4C07-A8D5-5E4715885B54}.DESA|Any CPU.Build.0 = DESA|Any CPU
		{7EE651D6-1039-4C07-A8D5-5E4715885B54}.HOMO|Any CPU.ActiveCfg = HOMO|Any CPU
		{7EE651D6-1039-4C07-A8D5-5E4715885B54}.HOMO|Any CPU.Build.0 = HOMO|Any CPU
		{7EE651D6-1039-4C07-A8D5-5E4715885B54}.PROD|Any CPU.ActiveCfg = PROD|Any CPU
		{7EE651D6-1039-4C07-A8D5-5E4715885B54}.PROD|Any CPU.Build.0 = PROD|Any CPU
		{7EE651D6-1039-4C07-A8D5-5E4715885B54}.Release|Any CPU.ActiveCfg = Release|Any CPU
		{7EE651D6-1039-4C07-A8D5-5E4715885B54}.Release|Any CPU.Build.0 = Release|Any CPU
		{7EE651D6-1039-4C07-A8D5-5E4715885B54}.TEST|Any CPU.ActiveCfg = TEST|Any CPU
		{7EE651D6-1039-4C07-A8D5-5E4715885B54}.TEST|Any CPU.Build.0 = TEST|Any CPU
		{78AA5CCC-A601-4124-8E16-E7BAF0874CE0}.Debug|Any CPU.ActiveCfg = Debug|Any CPU
		{78AA5CCC-A601-4124-8E16-E7BAF0874CE0}.Debug|Any CPU.Build.0 = Debug|Any CPU
		{78AA5CCC-A601-4124-8E16-E7BAF0874CE0}.DESA|Any CPU.ActiveCfg = Debug|Any CPU
		{78AA5CCC-A601-4124-8E16-E7BAF0874CE0}.DESA|Any CPU.Build.0 = Debug|Any CPU
		{78AA5CCC-A601-4124-8E16-E7BAF0874CE0}.HOMO|Any CPU.ActiveCfg = Release|Any CPU
		{78AA5CCC-A601-4124-8E16-E7BAF0874CE0}.HOMO|Any CPU.Build.0 = Release|Any CPU
		{78AA5CCC-A601-4124-8E16-E7BAF0874CE0}.PROD|Any CPU.ActiveCfg = PROD|Any CPU
		{78AA5CCC-A601-4124-8E16-E7BAF0874CE0}.PROD|Any CPU.Build.0 = PROD|Any CPU
		{78AA5CCC-A601-4124-8E16-E7BAF0874CE0}.Release|Any CPU.ActiveCfg = Release|Any CPU
		{78AA5CCC-A601-4124-8E16-E7BAF0874CE0}.Release|Any CPU.Build.0 = Release|Any CPU
		{78AA5CCC-A601-4124-8E16-E7BAF0874CE0}.TEST|Any CPU.ActiveCfg = Release|Any CPU
		{78AA5CCC-A601-4124-8E16-E7BAF0874CE0}.TEST|Any CPU.Build.0 = Release|Any CPU
		{EF6246D2-F1A6-48A4-ACE8-93AE8CEEE682}.Debug|Any CPU.ActiveCfg = Debug|Any CPU
		{EF6246D2-F1A6-48A4-ACE8-93AE8CEEE682}.Debug|Any CPU.Build.0 = Debug|Any CPU
		{EF6246D2-F1A6-48A4-ACE8-93AE8CEEE682}.DESA|Any CPU.ActiveCfg = DESA|Any CPU
		{EF6246D2-F1A6-48A4-ACE8-93AE8CEEE682}.DESA|Any CPU.Build.0 = DESA|Any CPU
		{EF6246D2-F1A6-48A4-ACE8-93AE8CEEE682}.HOMO|Any CPU.ActiveCfg = HOMO|Any CPU
		{EF6246D2-F1A6-48A4-ACE8-93AE8CEEE682}.HOMO|Any CPU.Build.0 = HOMO|Any CPU
		{EF6246D2-F1A6-48A4-ACE8-93AE8CEEE682}.PROD|Any CPU.ActiveCfg = PROD|Any CPU
		{EF6246D2-F1A6-48A4-ACE8-93AE8CEEE682}.PROD|Any CPU.Build.0 = PROD|Any CPU
		{EF6246D2-F1A6-48A4-ACE8-93AE8CEEE682}.Release|Any CPU.ActiveCfg = Release|Any CPU
		{EF6246D2-F1A6-48A4-ACE8-93AE8CEEE682}.Release|Any CPU.Build.0 = Release|Any CPU
		{EF6246D2-F1A6-48A4-ACE8-93AE8CEEE682}.TEST|Any CPU.ActiveCfg = TEST|Any CPU
		{EF6246D2-F1A6-48A4-ACE8-93AE8CEEE682}.TEST|Any CPU.Build.0 = TEST|Any CPU
		{032D7C46-2795-487C-87C4-0D675E89BD9A}.Debug|Any CPU.ActiveCfg = Debug|Any CPU
		{032D7C46-2795-487C-87C4-0D675E89BD9A}.Debug|Any CPU.Build.0 = Debug|Any CPU
		{032D7C46-2795-487C-87C4-0D675E89BD9A}.DESA|Any CPU.ActiveCfg = Debug|Any CPU
		{032D7C46-2795-487C-87C4-0D675E89BD9A}.DESA|Any CPU.Build.0 = Debug|Any CPU
		{032D7C46-2795-487C-87C4-0D675E89BD9A}.HOMO|Any CPU.ActiveCfg = Release|Any CPU
		{032D7C46-2795-487C-87C4-0D675E89BD9A}.HOMO|Any CPU.Build.0 = Release|Any CPU
		{032D7C46-2795-487C-87C4-0D675E89BD9A}.PROD|Any CPU.ActiveCfg = Release|Any CPU
		{032D7C46-2795-487C-87C4-0D675E89BD9A}.PROD|Any CPU.Build.0 = Release|Any CPU
		{032D7C46-2795-487C-87C4-0D675E89BD9A}.Release|Any CPU.ActiveCfg = Release|Any CPU
		{032D7C46-2795-487C-87C4-0D675E89BD9A}.Release|Any CPU.Build.0 = Release|Any CPU
		{032D7C46-2795-487C-87C4-0D675E89BD9A}.TEST|Any CPU.ActiveCfg = Release|Any CPU
		{032D7C46-2795-487C-87C4-0D675E89BD9A}.TEST|Any CPU.Build.0 = Release|Any CPU
	EndGlobalSection
	GlobalSection(SolutionProperties) = preSolution
		HideSolutionNode = FALSE
	EndGlobalSection
	GlobalSection(NestedProjects) = preSolution
		{EC7D2372-55F9-410F-8CA9-12FD3FADD3C4} = {E9FD1429-A1EB-42AD-BF1F-048EE2AEF3C9}
		{2724DEE3-FD59-4F4A-A50B-FD0EAE124DD1} = {E9FD1429-A1EB-42AD-BF1F-048EE2AEF3C9}
		{D369FFC8-ED07-47E7-9E7F-E570B5A45852} = {7407420E-5F5D-4C15-A7BB-A67CF6923DC4}
		{C59CCA9D-A59C-4FBF-B2AF-90E252D1D770} = {99691C5B-2E1D-4B95-8AD3-12EACC54E421}
		{A5A6238B-E82E-47E6-B601-0C28B1B5AD15} = {99691C5B-2E1D-4B95-8AD3-12EACC54E421}
		{B5A1DB2A-EEB2-4E22-97A3-4E8524FA1A3C} = {ECD3B30B-D45F-49AE-8768-1A8B8418738B}
		{2817EE4F-4D5A-4A72-98A5-D2FF3ED06DF5} = {ECD3B30B-D45F-49AE-8768-1A8B8418738B}
		{7EE651D6-1039-4C07-A8D5-5E4715885B54} = {B62DA3D9-6D70-4EC7-9589-1F3643B2E256}
		{78AA5CCC-A601-4124-8E16-E7BAF0874CE0} = {6ACA2700-C365-4DF5-BE81-5B7F76DA4292}
		{EF6246D2-F1A6-48A4-ACE8-93AE8CEEE682} = {DBE8D5F1-8425-4C95-8064-57F86FDA2C95}
		{032D7C46-2795-487C-87C4-0D675E89BD9A} = {4A9B9D55-5B1D-49B2-AA00-AEB6789E93EA}
	EndGlobalSection
	GlobalSection(ExtensibilityGlobals) = postSolution
		SolutionGuid = {5925EB79-420A-48CB-BAA9-05C6070F562B}
	EndGlobalSection
	GlobalSection(TeamFoundationVersionControl) = preSolution
		SccNumberOfProjects = 12
		SccEnterpriseProvider = {4CA58AB2-18FA-4F8D-95D4-32DDF27D184C}
		SccTeamFoundationServer = http://tfsserver:8080/tfs/024-banca%20mayorista
		SccLocalPath0 = .
		SccProjectUniqueName1 = Isban.Maps.IDataAccess\\Isban.MapsMB.IDataAccess.csproj
		SccProjectTopLevelParentUniqueName1 = MapsMB.sln
		SccProjectName1 = Isban.Maps.IDataAccess
		SccLocalPath1 = Isban.Maps.IDataAccess
		SccProjectUniqueName2 = Isban.Maps.DataAccess\\Isban.MapsMB.DataAccess.csproj
		SccProjectTopLevelParentUniqueName2 = MapsMB.sln
		SccProjectName2 = Isban.Maps.DataAccess
		SccLocalPath2 = Isban.Maps.DataAccess
		SccProjectUniqueName3 = Isban.Maps.Host.Controller\\Isban.MapsMB.Host.Controller.csproj
		SccProjectTopLevelParentUniqueName3 = MapsMB.sln
		SccProjectName3 = Isban.Maps.Host.Controller
		SccLocalPath3 = Isban.Maps.Host.Controller
		SccProjectUniqueName4 = Isban.Maps.Host.Webapi\\Isban.MapsMB.Host.Webapi.csproj
		SccProjectTopLevelParentUniqueName4 = MapsMB.sln
		SccProjectName4 = Isban.Maps.Host.Webapi
		SccLocalPath4 = Isban.Maps.Host.Webapi
		SccProjectUniqueName5 = Isban.Maps.Bussiness\\Isban.MapsMB.Bussiness.csproj
		SccProjectTopLevelParentUniqueName5 = MapsMB.sln
		SccProjectName5 = Isban.Maps.Bussiness
		SccLocalPath5 = Isban.Maps.Bussiness
		SccProjectUniqueName6 = Isban.Maps.IBussiness\\Isban.MapsMB.IBussiness.csproj
		SccProjectTopLevelParentUniqueName6 = MapsMB.sln
		SccProjectName6 = Isban.Maps.IBussiness
		SccLocalPath6 = Isban.Maps.IBussiness
		SccProjectUniqueName7 = Isban.Maps.Configuration.Backend\\Isban.MapsMB.Configuration.Backend.csproj
		SccProjectTopLevelParentUniqueName7 = MapsMB.sln
		SccProjectName7 = Isban.Maps.Configuration.Backend
		SccLocalPath7 = Isban.Maps.Configuration.Backend
		SccProjectUniqueName8 = Isban.Maps.Bussiness.Entity\\Isban.MapsMB.Common.Entity.csproj
		SccProjectTopLevelParentUniqueName8 = MapsMB.sln
		SccProjectName8 = Isban.Maps.Bussiness.Entity
		SccLocalPath8 = Isban.Maps.Bussiness.Entity
		SccProjectUniqueName9 = Isban.MapsMB.ColaMq\\Isban.MapsMB.ColaMq.csproj
		SccProjectTopLevelParentUniqueName9 = MapsMB.sln
		SccProjectName9 = Isban.MapsMB.ColaMq
		SccLocalPath9 = Isban.MapsMB.ColaMq
		SccProjectUniqueName10 = MAPSMBConsole\\MMAPSSAF.csproj
		SccProjectTopLevelParentUniqueName10 = MapsMB.sln
		SccProjectName10 = MAPSMBConsole
		SccLocalPath10 = MAPSMBConsole
		SccProjectUniqueName11 = Isban.MapsMB.FaxMailRTF\\Isban.MapsMB.FaxMailRTF.csproj
		SccProjectTopLevelParentUniqueName11 = MapsMB.sln
		SccProjectName11 = Isban.MapsMB.FaxMailRTF
		SccLocalPath11 = Isban.MapsMB.FaxMailRTF
	EndGlobalSection
EndGlobal
